{
	"name": "mpMiku",
	"version": "1.0.0",
	"lockfileVersion": 1,
	"requires": true,
	"dependencies": {
		"taro-wemark": {
			"version": "1.0.0",
			"resolved": "https://registry.npmjs.org/taro-wemark/-/taro-wemark-1.0.0.tgz",
			"integrity": "sha512-X6uhh88CD/KpVvqYrqAXD/lN20Z+vlHGD0Va1/MflaGGLsAG7h3U50mv0Ba/NAa0pjtAbVxaQJqRvzfngzE7ww=="
		}
	}
}
